
Microsoft Visual Studio Solution File, Format Version 12.00
# Visual Studio Version 17
VisualStudioVersion = 17.9.34723.18
MinimumVisualStudioVersion = 10.0.40219.1
Project("{FAE04EC0-301F-11D3-BF4B-00C04F79EFBC}") = "ASP_Lesson1_Introduction", "ASP_Lesson1_Introduction\ASP_Lesson1_Introduction.csproj", "{479F65BA-4637-4E51-9B54-F909E1F2583E}"
EndProject
Global
	GlobalSection(SolutionConfigurationPlatforms) = preSolution
		Debug|Any CPU = Debug|Any CPU
		Release|Any CPU = Release|Any CPU
	EndGlobalSection
	GlobalSection(ProjectConfigurationPlatforms) = postSolution
		{479F65BA-4637-4E51-9B54-F909E1F2583E}.Debug|Any CPU.ActiveCfg = Debug|Any CPU
		{479F65BA-4637-4E51-9B54-F909E1F2583E}.Debug|Any CPU.Build.0 = Debug|Any CPU
		{479F65BA-4637-4E51-9B54-F909E1F2583E}.Release|Any CPU.ActiveCfg = Release|Any CPU
		{479F65BA-4637-4E51-9B54-F909E1F2583E}.Release|Any CPU.Build.0 = Release|Any CPU
	EndGlobalSection
	GlobalSection(SolutionProperties) = preSolution
		HideSolutionNode = FALSE
	EndGlobalSection
	GlobalSection(ExtensibilityGlobals) = postSolution
		SolutionGuid = {6D41D865-1316-4196-A139-907B4D0AF165}
	EndGlobalSection
EndGlobal
